
Microsoft Visual Studio Solution File, Format Version 12.00
# Visual Studio Version 17
VisualStudioVersion = 17.4.33205.214
MinimumVisualStudioVersion = 10.0.40219.1
Project("{FAE04EC0-301F-11D3-BF4B-00C04F79EFBC}") = "Tetris", "Tetris.csproj", "{129B6877-FBF4-417D-B67D-B4687D84E18F}"
EndProject
Global
	GlobalSection(SolutionConfigurationPlatforms) = preSolution
		Debug|Any CPU = Debug|Any CPU
		Release|Any CPU = Release|Any CPU
	EndGlobalSection
	GlobalSection(ProjectConfigurationPlatforms) = postSolution
		{129B6877-FBF4-417D-B67D-B4687D84E18F}.Debug|Any CPU.ActiveCfg = Debug|Any CPU
		{129B6877-FBF4-417D-B67D-B4687D84E18F}.Debug|Any CPU.Build.0 = Debug|Any CPU
		{129B6877-FBF4-417D-B67D-B4687D84E18F}.Release|Any CPU.ActiveCfg = Release|Any CPU
		{129B6877-FBF4-417D-B67D-B4687D84E18F}.Release|Any CPU.Build.0 = Release|Any CPU
	EndGlobalSection
	GlobalSection(SolutionProperties) = preSolution
		HideSolutionNode = FALSE
	EndGlobalSection
	GlobalSection(ExtensibilityGlobals) = postSolution
		SolutionGuid = {573A4470-BB1A-4D8F-84E6-C2EDDABFAA14}
	EndGlobalSection
EndGlobal
